// !$*UTF8*$!
{
	archiveVersion = 1;
	classes = {
	};
	objectVersion = 46;
	objects = {

/* Begin PBXBuildFile section */
		370C3440139B2E3D0075CD30 /* Cocoa.framework in Frameworks */ = {isa = PBXBuildFile; fileRef = 370C343F139B2E3D0075CD30 /* Cocoa.framework */; };
		370C3442139B2E3D0075CD30 /* MacRuby.framework in Frameworks */ = {isa = PBXBuildFile; fileRef = 370C3441139B2E3D0075CD30 /* MacRuby.framework */; };
		370C3449139B2E3D0075CD30 /* InfoPlist.strings in Resources */ = {isa = PBXBuildFile; fileRef = 370C3447139B2E3D0075CD30 /* InfoPlist.strings */; };
		370C344C139B2E3D0075CD30 /* main.m in Sources */ = {isa = PBXBuildFile; fileRef = 370C344B139B2E3D0075CD30 /* main.m */; };
		370C3450139B2E3D0075CD30 /* MainMenu.xib in Resources */ = {isa = PBXBuildFile; fileRef = 370C344E139B2E3D0075CD30 /* MainMenu.xib */; };
		370C3453139B2E3D0075CD30 /* rb_main.rb in Resources */ = {isa = PBXBuildFile; fileRef = 370C3452139B2E3D0075CD30 /* rb_main.rb */; };
		370C3455139B2E3D0075CD30 /* AppDelegate.rb in Resources */ = {isa = PBXBuildFile; fileRef = 370C3454139B2E3D0075CD30 /* AppDelegate.rb */; };
/* End PBXBuildFile section */

/* Begin PBXFileReference section */
		370C343B139B2E3D0075CD30 /* NetHttpWeirdness.app */ = {isa = PBXFileReference; explicitFileType = wrapper.application; includeInIndex = 0; path = NetHttpWeirdness.app; sourceTree = BUILT_PRODUCTS_DIR; };
		370C343F139B2E3D0075CD30 /* Cocoa.framework */ = {isa = PBXFileReference; lastKnownFileType = wrapper.framework; name = Cocoa.framework; path = System/Library/Frameworks/Cocoa.framework; sourceTree = SDKROOT; };
		370C3441139B2E3D0075CD30 /* MacRuby.framework */ = {isa = PBXFileReference; lastKnownFileType = wrapper.framework; name = MacRuby.framework; path = System/Library/Frameworks/MacRuby.framework; sourceTree = SDKROOT; };
		370C3446139B2E3D0075CD30 /* NetHttpWeirdness-Info.plist */ = {isa = PBXFileReference; lastKnownFileType = text.plist.xml; path = "NetHttpWeirdness-Info.plist"; sourceTree = "<group>"; };
		370C3448139B2E3D0075CD30 /* en */ = {isa = PBXFileReference; lastKnownFileType = text.plist.strings; name = en; path = en.lproj/InfoPlist.strings; sourceTree = "<group>"; };
		370C344A139B2E3D0075CD30 /* NetHttpWeirdness-Prefix.pch */ = {isa = PBXFileReference; lastKnownFileType = sourcecode.c.h; path = "NetHttpWeirdness-Prefix.pch"; sourceTree = "<group>"; };
		370C344B139B2E3D0075CD30 /* main.m */ = {isa = PBXFileReference; lastKnownFileType = sourcecode.c.objc; path = main.m; sourceTree = "<group>"; };
		370C344F139B2E3D0075CD30 /* en */ = {isa = PBXFileReference; lastKnownFileType = file.xib; name = en; path = en.lproj/MainMenu.xib; sourceTree = "<group>"; };
		370C3452139B2E3D0075CD30 /* rb_main.rb */ = {isa = PBXFileReference; lastKnownFileType = text.script.ruby; path = rb_main.rb; sourceTree = "<group>"; };
		370C3454139B2E3D0075CD30 /* AppDelegate.rb */ = {isa = PBXFileReference; lastKnownFileType = text.script.ruby; path = AppDelegate.rb; sourceTree = "<group>"; };
/* End PBXFileReference section */

/* Begin PBXFrameworksBuildPhase section */
		370C3438139B2E3D0075CD30 /* Frameworks */ = {
			isa = PBXFrameworksBuildPhase;
			buildActionMask = 2147483647;
			files = (
				370C3440139B2E3D0075CD30 /* Cocoa.framework in Frameworks */,
				370C3442139B2E3D0075CD30 /* MacRuby.framework in Frameworks */,
			);
			runOnlyForDeploymentPostprocessing = 0;
		};
/* End PBXFrameworksBuildPhase section */

/* Begin PBXGroup section */
		370C3430139B2E3D0075CD30 = {
			isa = PBXGroup;
			children = (
				370C3444139B2E3D0075CD30 /* NetHttpWeirdness */,
				370C343E139B2E3D0075CD30 /* Frameworks */,
				370C343C139B2E3D0075CD30 /* Products */,
			);
			sourceTree = "<group>";
		};
		370C343C139B2E3D0075CD30 /* Products */ = {
			isa = PBXGroup;
			children = (
				370C343B139B2E3D0075CD30 /* NetHttpWeirdness.app */,
			);
			name = Products;
			sourceTree = "<group>";
		};
		370C343E139B2E3D0075CD30 /* Frameworks */ = {
			isa = PBXGroup;
			children = (
				370C343F139B2E3D0075CD30 /* Cocoa.framework */,
				370C3441139B2E3D0075CD30 /* MacRuby.framework */,
			);
			name = Frameworks;
			sourceTree = "<group>";
		};
		370C3444139B2E3D0075CD30 /* NetHttpWeirdness */ = {
			isa = PBXGroup;
			children = (
				370C3454139B2E3D0075CD30 /* AppDelegate.rb */,
				370C344D139B2E3D0075CD30 /* Resources */,
				370C3451139B2E3D0075CD30 /* Other Sources */,
				370C3445139B2E3D0075CD30 /* Supporting Files */,
			);
			path = NetHttpWeirdness;
			sourceTree = "<group>";
		};
		370C3445139B2E3D0075CD30 /* Supporting Files */ = {
			isa = PBXGroup;
			children = (
				370C3446139B2E3D0075CD30 /* NetHttpWeirdness-Info.plist */,
				370C3447139B2E3D0075CD30 /* InfoPlist.strings */,
				370C344A139B2E3D0075CD30 /* NetHttpWeirdness-Prefix.pch */,
				370C344B139B2E3D0075CD30 /* main.m */,
			);
			name = "Supporting Files";
			sourceTree = "<group>";
		};
		370C344D139B2E3D0075CD30 /* Resources */ = {
			isa = PBXGroup;
			children = (
				370C344E139B2E3D0075CD30 /* MainMenu.xib */,
			);
			name = Resources;
			sourceTree = "<group>";
		};
		370C3451139B2E3D0075CD30 /* Other Sources */ = {
			isa = PBXGroup;
			children = (
				370C3452139B2E3D0075CD30 /* rb_main.rb */,
			);
			name = "Other Sources";
			sourceTree = "<group>";
		};
/* End PBXGroup section */

/* Begin PBXLegacyTarget section */
		370C3443139B2E3D0075CD30 /* Deployment */ = {
			isa = PBXLegacyTarget;
			buildArgumentsString = "--compile --embed";
			buildConfigurationList = 370C345B139B2E3D0075CD30 /* Build configuration list for PBXLegacyTarget "Deployment" */;
			buildPhases = (
			);
			buildToolPath = /usr/local/bin/macruby_deploy;
			dependencies = (
			);
			name = Deployment;
			passBuildSettingsInEnvironment = 1;
			productName = Deployment;
		};
/* End PBXLegacyTarget section */

/* Begin PBXNativeTarget section */
		370C343A139B2E3D0075CD30 /* NetHttpWeirdness */ = {
			isa = PBXNativeTarget;
			buildConfigurationList = 370C3458139B2E3D0075CD30 /* Build configuration list for PBXNativeTarget "NetHttpWeirdness" */;
			buildPhases = (
				370C3437139B2E3D0075CD30 /* Sources */,
				370C3438139B2E3D0075CD30 /* Frameworks */,
				370C3439139B2E3D0075CD30 /* Resources */,
			);
			buildRules = (
			);
			dependencies = (
			);
			name = NetHttpWeirdness;
			productName = NetHttpWeirdness;
			productReference = 370C343B139B2E3D0075CD30 /* NetHttpWeirdness.app */;
			productType = "com.apple.product-type.application";
		};
/* End PBXNativeTarget section */

/* Begin PBXProject section */
		370C3432139B2E3D0075CD30 /* Project object */ = {
			isa = PBXProject;
			buildConfigurationList = 370C3435139B2E3D0075CD30 /* Build configuration list for PBXProject "NetHttpWeirdness" */;
			compatibilityVersion = "Xcode 3.2";
			developmentRegion = English;
			hasScannedForEncodings = 0;
			knownRegions = (
				en,
			);
			mainGroup = 370C3430139B2E3D0075CD30;
			productRefGroup = 370C343C139B2E3D0075CD30 /* Products */;
			projectDirPath = "";
			projectRoot = "";
			targets = (
				370C343A139B2E3D0075CD30 /* NetHttpWeirdness */,
				370C3443139B2E3D0075CD30 /* Deployment */,
			);
		};
/* End PBXProject section */

/* Begin PBXResourcesBuildPhase section */
		370C3439139B2E3D0075CD30 /* Resources */ = {
			isa = PBXResourcesBuildPhase;
			buildActionMask = 2147483647;
			files = (
				370C3449139B2E3D0075CD30 /* InfoPlist.strings in Resources */,
				370C3450139B2E3D0075CD30 /* MainMenu.xib in Resources */,
				370C3453139B2E3D0075CD30 /* rb_main.rb in Resources */,
				370C3455139B2E3D0075CD30 /* AppDelegate.rb in Resources */,
			);
			runOnlyForDeploymentPostprocessing = 0;
		};
/* End PBXResourcesBuildPhase section */

/* Begin PBXSourcesBuildPhase section */
		370C3437139B2E3D0075CD30 /* Sources */ = {
			isa = PBXSourcesBuildPhase;
			buildActionMask = 2147483647;
			files = (
				370C344C139B2E3D0075CD30 /* main.m in Sources */,
			);
			runOnlyForDeploymentPostprocessing = 0;
		};
/* End PBXSourcesBuildPhase section */

/* Begin PBXVariantGroup section */
		370C3447139B2E3D0075CD30 /* InfoPlist.strings */ = {
			isa = PBXVariantGroup;
			children = (
				370C3448139B2E3D0075CD30 /* en */,
			);
			name = InfoPlist.strings;
			sourceTree = "<group>";
		};
		370C344E139B2E3D0075CD30 /* MainMenu.xib */ = {
			isa = PBXVariantGroup;
			children = (
				370C344F139B2E3D0075CD30 /* en */,
			);
			name = MainMenu.xib;
			sourceTree = "<group>";
		};
/* End PBXVariantGroup section */

/* Begin XCBuildConfiguration section */
		370C3456139B2E3D0075CD30 /* Debug */ = {
			isa = XCBuildConfiguration;
			buildSettings = {
				ARCHS = "$(ARCHS_STANDARD_32_64_BIT)";
				GCC_C_LANGUAGE_STANDARD = gnu99;
				GCC_OPTIMIZATION_LEVEL = 0;
				GCC_PREPROCESSOR_DEFINITIONS = DEBUG;
				GCC_SYMBOLS_PRIVATE_EXTERN = NO;
				GCC_VERSION = com.apple.compilers.llvm.clang.1_0;
				GCC_WARN_64_TO_32_BIT_CONVERSION = YES;
				GCC_WARN_ABOUT_RETURN_TYPE = YES;
				GCC_WARN_UNUSED_VARIABLE = YES;
				MACOSX_DEPLOYMENT_TARGET = 10.6;
				ONLY_ACTIVE_ARCH = YES;
				SDKROOT = macosx;
			};
			name = Debug;
		};
		370C3457139B2E3D0075CD30 /* Release */ = {
			isa = XCBuildConfiguration;
			buildSettings = {
				ARCHS = "$(ARCHS_STANDARD_32_64_BIT)";
				GCC_C_LANGUAGE_STANDARD = gnu99;
				GCC_VERSION = com.apple.compilers.llvm.clang.1_0;
				GCC_WARN_64_TO_32_BIT_CONVERSION = YES;
				GCC_WARN_ABOUT_RETURN_TYPE = YES;
				GCC_WARN_UNUSED_VARIABLE = YES;
				MACOSX_DEPLOYMENT_TARGET = 10.6;
				SDKROOT = macosx;
			};
			name = Release;
		};
		370C3459139B2E3D0075CD30 /* Debug */ = {
			isa = XCBuildConfiguration;
			buildSettings = {
				ALWAYS_SEARCH_USER_PATHS = NO;
				COPY_PHASE_STRIP = NO;
				GCC_DYNAMIC_NO_PIC = NO;
				GCC_ENABLE_OBJC_EXCEPTIONS = YES;
				GCC_ENABLE_OBJC_GC = required;
				GCC_PRECOMPILE_PREFIX_HEADER = YES;
				GCC_PREFIX_HEADER = "NetHttpWeirdness/NetHttpWeirdness-Prefix.pch";
				INFOPLIST_FILE = "NetHttpWeirdness/NetHttpWeirdness-Info.plist";
				PRODUCT_NAME = "$(TARGET_NAME)";
				WRAPPER_EXTENSION = app;
			};
			name = Debug;
		};
		370C345A139B2E3D0075CD30 /* Release */ = {
			isa = XCBuildConfiguration;
			buildSettings = {
				ALWAYS_SEARCH_USER_PATHS = NO;
				COPY_PHASE_STRIP = YES;
				DEBUG_INFORMATION_FORMAT = "dwarf-with-dsym";
				GCC_ENABLE_OBJC_EXCEPTIONS = YES;
				GCC_ENABLE_OBJC_GC = required;
				GCC_PRECOMPILE_PREFIX_HEADER = YES;
				GCC_PREFIX_HEADER = "NetHttpWeirdness/NetHttpWeirdness-Prefix.pch";
				INFOPLIST_FILE = "NetHttpWeirdness/NetHttpWeirdness-Info.plist";
				PRODUCT_NAME = "$(TARGET_NAME)";
				WRAPPER_EXTENSION = app;
			};
			name = Release;
		};
		370C345C139B2E3D0075CD30 /* Debug */ = {
			isa = XCBuildConfiguration;
			buildSettings = {
			};
			name = Debug;
		};
		370C345D139B2E3D0075CD30 /* Release */ = {
			isa = XCBuildConfiguration;
			buildSettings = {
			};
			name = Release;
		};
/* End XCBuildConfiguration section */

/* Begin XCConfigurationList section */
		370C3435139B2E3D0075CD30 /* Build configuration list for PBXProject "NetHttpWeirdness" */ = {
			isa = XCConfigurationList;
			buildConfigurations = (
				370C3456139B2E3D0075CD30 /* Debug */,
				370C3457139B2E3D0075CD30 /* Release */,
			);
			defaultConfigurationIsVisible = 0;
			defaultConfigurationName = Release;
		};
		370C3458139B2E3D0075CD30 /* Build configuration list for PBXNativeTarget "NetHttpWeirdness" */ = {
			isa = XCConfigurationList;
			buildConfigurations = (
				370C3459139B2E3D0075CD30 /* Debug */,
				370C345A139B2E3D0075CD30 /* Release */,
			);
			defaultConfigurationIsVisible = 0;
		};
		370C345B139B2E3D0075CD30 /* Build configuration list for PBXLegacyTarget "Deployment" */ = {
			isa = XCConfigurationList;
			buildConfigurations = (
				370C345C139B2E3D0075CD30 /* Debug */,
				370C345D139B2E3D0075CD30 /* Release */,
			);
			defaultConfigurationIsVisible = 0;
		};
/* End XCConfigurationList section */
	};
	rootObject = 370C3432139B2E3D0075CD30 /* Project object */;
}
